
Microsoft Visual Studio Solution File, Format Version 12.00
# Visual Studio Version 17
VisualStudioVersion = 17.11.35327.3
MinimumVisualStudioVersion = 10.0.40219.1
Project("{FAE04EC0-301F-11D3-BF4B-00C04F79EFBC}") = "NZWalks.API", "NZWalks.API\NZWalks.API.csproj", "{685B1AA6-5851-402A-B7FF-27CEFEBF5177}"
EndProject
Global
	GlobalSection(SolutionConfigurationPlatforms) = preSolution
		Debug|Any CPU = Debug|Any CPU
		Release|Any CPU = Release|Any CPU
	EndGlobalSection
	GlobalSection(ProjectConfigurationPlatforms) = postSolution
		{685B1AA6-5851-402A-B7FF-27CEFEBF5177}.Debug|Any CPU.ActiveCfg = Debug|Any CPU
		{685B1AA6-5851-402A-B7FF-27CEFEBF5177}.Debug|Any CPU.Build.0 = Debug|Any CPU
		{685B1AA6-5851-402A-B7FF-27CEFEBF5177}.Release|Any CPU.ActiveCfg = Release|Any CPU
		{685B1AA6-5851-402A-B7FF-27CEFEBF5177}.Release|Any CPU.Build.0 = Release|Any CPU
	EndGlobalSection
	GlobalSection(SolutionProperties) = preSolution
		HideSolutionNode = FALSE
	EndGlobalSection
	GlobalSection(ExtensibilityGlobals) = postSolution
		SolutionGuid = {F70B9683-0A93-4E8A-A90C-BCEE06BA76F0}
	EndGlobalSection
EndGlobal
